schema: '2.0'
stages:
  visualize_data:
    cmd: python src/data_visualization.py
    deps:
    - path: data/raw/bank-additional-full.csv
      hash: md5
      md5: f6cb2c1256ffe2836b36df321f46e92c
      size: 5834924
    - path: src/data_visualization.py
      hash: md5
      md5: 6333f5c4d118af887ae622e0bd84154b
      size: 4169
  test_data_quality:
    cmd: pytest test/test_data_quality.py
    deps:
    - path: data/raw/bank-additional-full.csv
      hash: md5
      md5: f6cb2c1256ffe2836b36df321f46e92c
      size: 5834924
    - path: test/test_data_quality.py
      hash: md5
      md5: 60d97e5e41f0779b272d37f55b1f5622
      size: 3912
  test_data_gx:
    cmd: pytest test/test_data_gx.py
    deps:
    - path: data/raw/bank-additional-full.csv
      hash: md5
      md5: f6cb2c1256ffe2836b36df321f46e92c
      size: 5834924
    - path: test/test_data_gx.py
      hash: md5
      md5: 706170d361cc13b33eee850f2ee1bda7
      size: 3155
  preprocess_data:
    cmd: python src/data_preparation.py
    deps:
    - path: data/raw/bank-additional-full.csv
      hash: md5
      md5: f6cb2c1256ffe2836b36df321f46e92c
      size: 5834924
    - path: src/data_preparation.py
      hash: md5
      md5: 58cc7572071a63e87533854c64b59047
      size: 1635
