schema: '2.0'
stages:
  visualize_data:
    cmd: python src/data_visualization.py
    deps:
    - path: data/raw/bank-additional-full.csv
      hash: md5
      md5: f6cb2c1256ffe2836b36df321f46e92c
      size: 5834924
    - path: src/data_visualization.py
      hash: md5
      md5: 6333f5c4d118af887ae622e0bd84154b
      size: 4169
  test_data_quality:
    cmd: pytest test/test_data_quality.py
    deps:
    - path: data/raw/bank-additional-full.csv
      hash: md5
      md5: f6cb2c1256ffe2836b36df321f46e92c
      size: 5834924
    - path: test/test_data_quality.py
      hash: md5
      md5: 60d97e5e41f0779b272d37f55b1f5622
      size: 3912
  test_data_gx:
    cmd: pytest test/test_data_gx.py
    deps:
    - path: data/raw/bank-additional-full.csv
      hash: md5
      md5: f6cb2c1256ffe2836b36df321f46e92c
      size: 5834924
    - path: test/test_data_gx.py
      hash: md5
      md5: 706170d361cc13b33eee850f2ee1bda7
      size: 3155
  preprocess_data:
    cmd: python src/data_preparation.py
    deps:
    - path: data/raw/bank-additional-full.csv
      hash: md5
      md5: f6cb2c1256ffe2836b36df321f46e92c
      size: 5834924
    - path: src/data_preparation.py
      hash: md5
      md5: 89826c8d15acb3e121e0e316f69a583c
      size: 2623
  train_model:
    cmd: python src/train_model.py
    deps:
    - path: data/processed/bank-processed.csv
      hash: md5
      md5: 8be1a447fe2602de78a4994a9f15e880
      size: 4368118
    - path: src/train_model.py
      hash: md5
      md5: 70acdcca6fc6b656447e5541c54bada8
      size: 9880
  train_test:
    cmd: pytest test/test_training.py
    deps:
    - path: data/processed/bank-processed.csv
      hash: md5
      md5: 8be1a447fe2602de78a4994a9f15e880
      size: 4368118
    - path: test/test_training.py
      hash: md5
      md5: 0a9978beee028f0f2e3284d01b2ddd49
      size: 2731
